
Microsoft Visual Studio Solution File, Format Version 12.00
# Visual Studio Version 17
VisualStudioVersion = 17.0.31903.59
MinimumVisualStudioVersion = 10.0.40219.1
Project("{FAE04EC0-301F-11D3-BF4B-00C04F79EFBC}") = "Tasktris.API", "Tasktris.API\Tasktris.API.csproj", "{2082A791-5710-45E5-A875-49398428F02F}"
EndProject
Project("{FAE04EC0-301F-11D3-BF4B-00C04F79EFBC}") = "Tasktris.Domain", "Tasktris.Domain\Tasktris.Domain.csproj", "{FA67C971-AE95-43D6-A70C-40A5A286FA97}"
EndProject
Project("{FAE04EC0-301F-11D3-BF4B-00C04F79EFBC}") = "Tasktris.Application", "Tasktris.Application\Tasktris.Application.csproj", "{9332807D-B070-41B6-96C3-C588D41D6F07}"
EndProject
Project("{FAE04EC0-301F-11D3-BF4B-00C04F79EFBC}") = "Tasktris.Infrastructure", "Tasktris.Infrastructure\Tasktris.Infrastructure.csproj", "{224A82F3-73B5-41B3-8F41-BF79AA722E1E}"
EndProject
Project("{FAE04EC0-301F-11D3-BF4B-00C04F79EFBC}") = "Tasktris.Tests", "Tasktris.Tests\Tasktris.Tests.csproj", "{AB05A1B2-3D94-4113-9830-F2C588E9FFA7}"
EndProject
Global
	GlobalSection(SolutionConfigurationPlatforms) = preSolution
		Debug|Any CPU = Debug|Any CPU
		Debug|x64 = Debug|x64
		Debug|x86 = Debug|x86
		Release|Any CPU = Release|Any CPU
		Release|x64 = Release|x64
		Release|x86 = Release|x86
	EndGlobalSection
	GlobalSection(ProjectConfigurationPlatforms) = postSolution
		{2082A791-5710-45E5-A875-49398428F02F}.Debug|Any CPU.ActiveCfg = Debug|Any CPU
		{2082A791-5710-45E5-A875-49398428F02F}.Debug|Any CPU.Build.0 = Debug|Any CPU
		{2082A791-5710-45E5-A875-49398428F02F}.Debug|x64.ActiveCfg = Debug|Any CPU
		{2082A791-5710-45E5-A875-49398428F02F}.Debug|x64.Build.0 = Debug|Any CPU
		{2082A791-5710-45E5-A875-49398428F02F}.Debug|x86.ActiveCfg = Debug|Any CPU
		{2082A791-5710-45E5-A875-49398428F02F}.Debug|x86.Build.0 = Debug|Any CPU
		{2082A791-5710-45E5-A875-49398428F02F}.Release|Any CPU.ActiveCfg = Release|Any CPU
		{2082A791-5710-45E5-A875-49398428F02F}.Release|Any CPU.Build.0 = Release|Any CPU
		{2082A791-5710-45E5-A875-49398428F02F}.Release|x64.ActiveCfg = Release|Any CPU
		{2082A791-5710-45E5-A875-49398428F02F}.Release|x64.Build.0 = Release|Any CPU
		{2082A791-5710-45E5-A875-49398428F02F}.Release|x86.ActiveCfg = Release|Any CPU
		{2082A791-5710-45E5-A875-49398428F02F}.Release|x86.Build.0 = Release|Any CPU
		{FA67C971-AE95-43D6-A70C-40A5A286FA97}.Debug|Any CPU.ActiveCfg = Debug|Any CPU
		{FA67C971-AE95-43D6-A70C-40A5A286FA97}.Debug|Any CPU.Build.0 = Debug|Any CPU
		{FA67C971-AE95-43D6-A70C-40A5A286FA97}.Debug|x64.ActiveCfg = Debug|Any CPU
		{FA67C971-AE95-43D6-A70C-40A5A286FA97}.Debug|x64.Build.0 = Debug|Any CPU
		{FA67C971-AE95-43D6-A70C-40A5A286FA97}.Debug|x86.ActiveCfg = Debug|Any CPU
		{FA67C971-AE95-43D6-A70C-40A5A286FA97}.Debug|x86.Build.0 = Debug|Any CPU
		{FA67C971-AE95-43D6-A70C-40A5A286FA97}.Release|Any CPU.ActiveCfg = Release|Any CPU
		{FA67C971-AE95-43D6-A70C-40A5A286FA97}.Release|Any CPU.Build.0 = Release|Any CPU
		{FA67C971-AE95-43D6-A70C-40A5A286FA97}.Release|x64.ActiveCfg = Release|Any CPU
		{FA67C971-AE95-43D6-A70C-40A5A286FA97}.Release|x64.Build.0 = Release|Any CPU
		{FA67C971-AE95-43D6-A70C-40A5A286FA97}.Release|x86.ActiveCfg = Release|Any CPU
		{FA67C971-AE95-43D6-A70C-40A5A286FA97}.Release|x86.Build.0 = Release|Any CPU
		{9332807D-B070-41B6-96C3-C588D41D6F07}.Debug|Any CPU.ActiveCfg = Debug|Any CPU
		{9332807D-B070-41B6-96C3-C588D41D6F07}.Debug|Any CPU.Build.0 = Debug|Any CPU
		{9332807D-B070-41B6-96C3-C588D41D6F07}.Debug|x64.ActiveCfg = Debug|Any CPU
		{9332807D-B070-41B6-96C3-C588D41D6F07}.Debug|x64.Build.0 = Debug|Any CPU
		{9332807D-B070-41B6-96C3-C588D41D6F07}.Debug|x86.ActiveCfg = Debug|Any CPU
		{9332807D-B070-41B6-96C3-C588D41D6F07}.Debug|x86.Build.0 = Debug|Any CPU
		{9332807D-B070-41B6-96C3-C588D41D6F07}.Release|Any CPU.ActiveCfg = Release|Any CPU
		{9332807D-B070-41B6-96C3-C588D41D6F07}.Release|Any CPU.Build.0 = Release|Any CPU
		{9332807D-B070-41B6-96C3-C588D41D6F07}.Release|x64.ActiveCfg = Release|Any CPU
		{9332807D-B070-41B6-96C3-C588D41D6F07}.Release|x64.Build.0 = Release|Any CPU
		{9332807D-B070-41B6-96C3-C588D41D6F07}.Release|x86.ActiveCfg = Release|Any CPU
		{9332807D-B070-41B6-96C3-C588D41D6F07}.Release|x86.Build.0 = Release|Any CPU
		{224A82F3-73B5-41B3-8F41-BF79AA722E1E}.Debug|Any CPU.ActiveCfg = Debug|Any CPU
		{224A82F3-73B5-41B3-8F41-BF79AA722E1E}.Debug|Any CPU.Build.0 = Debug|Any CPU
		{224A82F3-73B5-41B3-8F41-BF79AA722E1E}.Debug|x64.ActiveCfg = Debug|Any CPU
		{224A82F3-73B5-41B3-8F41-BF79AA722E1E}.Debug|x64.Build.0 = Debug|Any CPU
		{224A82F3-73B5-41B3-8F41-BF79AA722E1E}.Debug|x86.ActiveCfg = Debug|Any CPU
		{224A82F3-73B5-41B3-8F41-BF79AA722E1E}.Debug|x86.Build.0 = Debug|Any CPU
		{224A82F3-73B5-41B3-8F41-BF79AA722E1E}.Release|Any CPU.ActiveCfg = Release|Any CPU
		{224A82F3-73B5-41B3-8F41-BF79AA722E1E}.Release|Any CPU.Build.0 = Release|Any CPU
		{224A82F3-73B5-41B3-8F41-BF79AA722E1E}.Release|x64.ActiveCfg = Release|Any CPU
		{224A82F3-73B5-41B3-8F41-BF79AA722E1E}.Release|x64.Build.0 = Release|Any CPU
		{224A82F3-73B5-41B3-8F41-BF79AA722E1E}.Release|x86.ActiveCfg = Release|Any CPU
		{224A82F3-73B5-41B3-8F41-BF79AA722E1E}.Release|x86.Build.0 = Release|Any CPU
		{AB05A1B2-3D94-4113-9830-F2C588E9FFA7}.Debug|Any CPU.ActiveCfg = Debug|Any CPU
		{AB05A1B2-3D94-4113-9830-F2C588E9FFA7}.Debug|Any CPU.Build.0 = Debug|Any CPU
		{AB05A1B2-3D94-4113-9830-F2C588E9FFA7}.Debug|x64.ActiveCfg = Debug|Any CPU
		{AB05A1B2-3D94-4113-9830-F2C588E9FFA7}.Debug|x64.Build.0 = Debug|Any CPU
		{AB05A1B2-3D94-4113-9830-F2C588E9FFA7}.Debug|x86.ActiveCfg = Debug|Any CPU
		{AB05A1B2-3D94-4113-9830-F2C588E9FFA7}.Debug|x86.Build.0 = Debug|Any CPU
		{AB05A1B2-3D94-4113-9830-F2C588E9FFA7}.Release|Any CPU.ActiveCfg = Release|Any CPU
		{AB05A1B2-3D94-4113-9830-F2C588E9FFA7}.Release|Any CPU.Build.0 = Release|Any CPU
		{AB05A1B2-3D94-4113-9830-F2C588E9FFA7}.Release|x64.ActiveCfg = Release|Any CPU
		{AB05A1B2-3D94-4113-9830-F2C588E9FFA7}.Release|x64.Build.0 = Release|Any CPU
		{AB05A1B2-3D94-4113-9830-F2C588E9FFA7}.Release|x86.ActiveCfg = Release|Any CPU
		{AB05A1B2-3D94-4113-9830-F2C588E9FFA7}.Release|x86.Build.0 = Release|Any CPU
	EndGlobalSection
	GlobalSection(SolutionProperties) = preSolution
		HideSolutionNode = FALSE
	EndGlobalSection
EndGlobal
